
Microsoft Visual Studio Solution File, Format Version 12.00
# Visual Studio 15
Project("{FAE04EC0-301F-11D3-BF4B-00C04F79EFBC}") = "ChatServer", "ChatServer.csproj", "{66A64675-D171-330F-C8E6-C2B1E8557E09}"
EndProject
Global
	GlobalSection(SolutionConfigurationPlatforms) = preSolution
		Debug|Any CPU = Debug|Any CPU
		Release|Any CPU = Release|Any CPU
	EndGlobalSection
	GlobalSection(ProjectConfigurationPlatforms) = postSolution
		{66A64675-D171-330F-C8E6-C2B1E8557E09}.Debug|Any CPU.ActiveCfg = Debug|Any CPU
		{66A64675-D171-330F-C8E6-C2B1E8557E09}.Debug|Any CPU.Build.0 = Debug|Any CPU
		{66A64675-D171-330F-C8E6-C2B1E8557E09}.Release|Any CPU.ActiveCfg = Release|Any CPU
		{66A64675-D171-330F-C8E6-C2B1E8557E09}.Release|Any CPU.Build.0 = Release|Any CPU
	EndGlobalSection
	GlobalSection(SolutionProperties) = preSolution
		HideSolutionNode = FALSE
	EndGlobalSection
EndGlobal
